
Microsoft Visual Studio Solution File, Format Version 12.00
# Visual Studio Version 16
VisualStudioVersion = 16.0.32126.315
MinimumVisualStudioVersion = 10.0.40219.1
Project("{2150E333-8FDC-42A3-9474-1A3956D46DE8}") = "M.Core", "M.Core", "{C81282BA-8644-4A11-92DE-85A779200322}"
EndProject
Project("{2150E333-8FDC-42A3-9474-1A3956D46DE8}") = "M.NetCore", "M.NetCore", "{52FF91A4-8474-48E9-8C65-D715B7DF73DB}"
EndProject
Project("{2150E333-8FDC-42A3-9474-1A3956D46DE8}") = "M.Repository", "M.Repository", "{C1E542E9-A4D0-4896-AD01-387C78097810}"
EndProject
Project("{2150E333-8FDC-42A3-9474-1A3956D46DE8}") = "M.Services", "M.Services", "{80D98C9E-0541-4AEA-B2B5-8FDB5CD347D6}"
EndProject
Project("{2150E333-8FDC-42A3-9474-1A3956D46DE8}") = "M.Util", "M.Util", "{070FE510-B77E-46DB-87BC-5EFCB6292490}"
EndProject
Project("{9A19103F-16F7-4668-BE54-9A1E7A4F7556}") = "MountainWMS", "MountainWMS\MountainWMS.csproj", "{2891F868-1C27-43AB-89B6-0E48FEF9161C}"
EndProject
Project("{9A19103F-16F7-4668-BE54-9A1E7A4F7556}") = "Dto", "Dto\Dto.csproj", "{84362945-5AA7-4163-8897-185FDC492B92}"
EndProject
Project("{9A19103F-16F7-4668-BE54-9A1E7A4F7556}") = "Entity", "Entity\Entity.csproj", "{BED0DB11-C485-4585-B797-62A74DFA1227}"
EndProject
Project("{9A19103F-16F7-4668-BE54-9A1E7A4F7556}") = "Orm", "Orm\Orm.csproj", "{D53FCF9A-9016-44E8-9D42-65B6ED0A3841}"
EndProject
Project("{9A19103F-16F7-4668-BE54-9A1E7A4F7556}") = "NetCore", "NetCore\NetCore.csproj", "{8C14C17A-1F45-47B1-8648-A4B72F90CF74}"
EndProject
Project("{9A19103F-16F7-4668-BE54-9A1E7A4F7556}") = "NetCoreApp", "NetCoreApp\NetCoreApp.csproj", "{FB56A2E2-D8EF-4F76-8424-386ED9133100}"
EndProject
Project("{9A19103F-16F7-4668-BE54-9A1E7A4F7556}") = "Repository", "Repository\Repository.csproj", "{A70526B6-0FEA-4EB3-B483-ECF544E12E9C}"
EndProject
Project("{9A19103F-16F7-4668-BE54-9A1E7A4F7556}") = "IRepository", "IRepository\IRepository.csproj", "{39C77A03-2DAA-40B3-9B85-0593CC05E65A}"
EndProject
Project("{9A19103F-16F7-4668-BE54-9A1E7A4F7556}") = "IServices", "IServices\IServices.csproj", "{43FF9CA9-9EC0-4F05-9BC4-3D18C5144086}"
EndProject
Project("{9A19103F-16F7-4668-BE54-9A1E7A4F7556}") = "Services", "Services\Services.csproj", "{42FD3957-3044-44CD-B885-9471C3414AB4}"
EndProject
Project("{9A19103F-16F7-4668-BE54-9A1E7A4F7556}") = "Utils", "Utils\Utils.csproj", "{A7BA3F4C-17EE-4138-8577-EA24F71A5B03}"
EndProject
Global
	GlobalSection(SolutionConfigurationPlatforms) = preSolution
		Debug|Any CPU = Debug|Any CPU
		Release|Any CPU = Release|Any CPU
	EndGlobalSection
	GlobalSection(ProjectConfigurationPlatforms) = postSolution
		{2891F868-1C27-43AB-89B6-0E48FEF9161C}.Debug|Any CPU.ActiveCfg = Debug|Any CPU
		{2891F868-1C27-43AB-89B6-0E48FEF9161C}.Debug|Any CPU.Build.0 = Debug|Any CPU
		{2891F868-1C27-43AB-89B6-0E48FEF9161C}.Release|Any CPU.ActiveCfg = Release|Any CPU
		{2891F868-1C27-43AB-89B6-0E48FEF9161C}.Release|Any CPU.Build.0 = Release|Any CPU
		{84362945-5AA7-4163-8897-185FDC492B92}.Debug|Any CPU.ActiveCfg = Debug|Any CPU
		{84362945-5AA7-4163-8897-185FDC492B92}.Debug|Any CPU.Build.0 = Debug|Any CPU
		{84362945-5AA7-4163-8897-185FDC492B92}.Release|Any CPU.ActiveCfg = Release|Any CPU
		{84362945-5AA7-4163-8897-185FDC492B92}.Release|Any CPU.Build.0 = Release|Any CPU
		{BED0DB11-C485-4585-B797-62A74DFA1227}.Debug|Any CPU.ActiveCfg = Debug|Any CPU
		{BED0DB11-C485-4585-B797-62A74DFA1227}.Debug|Any CPU.Build.0 = Debug|Any CPU
		{BED0DB11-C485-4585-B797-62A74DFA1227}.Release|Any CPU.ActiveCfg = Release|Any CPU
		{BED0DB11-C485-4585-B797-62A74DFA1227}.Release|Any CPU.Build.0 = Release|Any CPU
		{D53FCF9A-9016-44E8-9D42-65B6ED0A3841}.Debug|Any CPU.ActiveCfg = Debug|Any CPU
		{D53FCF9A-9016-44E8-9D42-65B6ED0A3841}.Debug|Any CPU.Build.0 = Debug|Any CPU
		{D53FCF9A-9016-44E8-9D42-65B6ED0A3841}.Release|Any CPU.ActiveCfg = Release|Any CPU
		{D53FCF9A-9016-44E8-9D42-65B6ED0A3841}.Release|Any CPU.Build.0 = Release|Any CPU
		{8C14C17A-1F45-47B1-8648-A4B72F90CF74}.Debug|Any CPU.ActiveCfg = Debug|Any CPU
		{8C14C17A-1F45-47B1-8648-A4B72F90CF74}.Debug|Any CPU.Build.0 = Debug|Any CPU
		{8C14C17A-1F45-47B1-8648-A4B72F90CF74}.Release|Any CPU.ActiveCfg = Release|Any CPU
		{8C14C17A-1F45-47B1-8648-A4B72F90CF74}.Release|Any CPU.Build.0 = Release|Any CPU
		{FB56A2E2-D8EF-4F76-8424-386ED9133100}.Debug|Any CPU.ActiveCfg = Debug|Any CPU
		{FB56A2E2-D8EF-4F76-8424-386ED9133100}.Debug|Any CPU.Build.0 = Debug|Any CPU
		{FB56A2E2-D8EF-4F76-8424-386ED9133100}.Release|Any CPU.ActiveCfg = Release|Any CPU
		{FB56A2E2-D8EF-4F76-8424-386ED9133100}.Release|Any CPU.Build.0 = Release|Any CPU
		{A70526B6-0FEA-4EB3-B483-ECF544E12E9C}.Debug|Any CPU.ActiveCfg = Debug|Any CPU
		{A70526B6-0FEA-4EB3-B483-ECF544E12E9C}.Debug|Any CPU.Build.0 = Debug|Any CPU
		{A70526B6-0FEA-4EB3-B483-ECF544E12E9C}.Release|Any CPU.ActiveCfg = Release|Any CPU
		{A70526B6-0FEA-4EB3-B483-ECF544E12E9C}.Release|Any CPU.Build.0 = Release|Any CPU
		{39C77A03-2DAA-40B3-9B85-0593CC05E65A}.Debug|Any CPU.ActiveCfg = Debug|Any CPU
		{39C77A03-2DAA-40B3-9B85-0593CC05E65A}.Debug|Any CPU.Build.0 = Debug|Any CPU
		{39C77A03-2DAA-40B3-9B85-0593CC05E65A}.Release|Any CPU.ActiveCfg = Release|Any CPU
		{39C77A03-2DAA-40B3-9B85-0593CC05E65A}.Release|Any CPU.Build.0 = Release|Any CPU
		{43FF9CA9-9EC0-4F05-9BC4-3D18C5144086}.Debug|Any CPU.ActiveCfg = Debug|Any CPU
		{43FF9CA9-9EC0-4F05-9BC4-3D18C5144086}.Debug|Any CPU.Build.0 = Debug|Any CPU
		{43FF9CA9-9EC0-4F05-9BC4-3D18C5144086}.Release|Any CPU.ActiveCfg = Release|Any CPU
		{43FF9CA9-9EC0-4F05-9BC4-3D18C5144086}.Release|Any CPU.Build.0 = Release|Any CPU
		{42FD3957-3044-44CD-B885-9471C3414AB4}.Debug|Any CPU.ActiveCfg = Debug|Any CPU
		{42FD3957-3044-44CD-B885-9471C3414AB4}.Debug|Any CPU.Build.0 = Debug|Any CPU
		{42FD3957-3044-44CD-B885-9471C3414AB4}.Release|Any CPU.ActiveCfg = Release|Any CPU
		{42FD3957-3044-44CD-B885-9471C3414AB4}.Release|Any CPU.Build.0 = Release|Any CPU
		{A7BA3F4C-17EE-4138-8577-EA24F71A5B03}.Debug|Any CPU.ActiveCfg = Debug|Any CPU
		{A7BA3F4C-17EE-4138-8577-EA24F71A5B03}.Debug|Any CPU.Build.0 = Debug|Any CPU
		{A7BA3F4C-17EE-4138-8577-EA24F71A5B03}.Release|Any CPU.ActiveCfg = Release|Any CPU
		{A7BA3F4C-17EE-4138-8577-EA24F71A5B03}.Release|Any CPU.Build.0 = Release|Any CPU
	EndGlobalSection
	GlobalSection(SolutionProperties) = preSolution
		HideSolutionNode = FALSE
	EndGlobalSection
	GlobalSection(NestedProjects) = preSolution
		{84362945-5AA7-4163-8897-185FDC492B92} = {C81282BA-8644-4A11-92DE-85A779200322}
		{BED0DB11-C485-4585-B797-62A74DFA1227} = {C81282BA-8644-4A11-92DE-85A779200322}
		{D53FCF9A-9016-44E8-9D42-65B6ED0A3841} = {C81282BA-8644-4A11-92DE-85A779200322}
		{8C14C17A-1F45-47B1-8648-A4B72F90CF74} = {52FF91A4-8474-48E9-8C65-D715B7DF73DB}
		{FB56A2E2-D8EF-4F76-8424-386ED9133100} = {52FF91A4-8474-48E9-8C65-D715B7DF73DB}
		{A70526B6-0FEA-4EB3-B483-ECF544E12E9C} = {C1E542E9-A4D0-4896-AD01-387C78097810}
		{39C77A03-2DAA-40B3-9B85-0593CC05E65A} = {C1E542E9-A4D0-4896-AD01-387C78097810}
		{43FF9CA9-9EC0-4F05-9BC4-3D18C5144086} = {80D98C9E-0541-4AEA-B2B5-8FDB5CD347D6}
		{42FD3957-3044-44CD-B885-9471C3414AB4} = {80D98C9E-0541-4AEA-B2B5-8FDB5CD347D6}
		{A7BA3F4C-17EE-4138-8577-EA24F71A5B03} = {070FE510-B77E-46DB-87BC-5EFCB6292490}
	EndGlobalSection
	GlobalSection(ExtensibilityGlobals) = postSolution
		SolutionGuid = {F4D0688C-C6BE-420A-8B07-039F231658F4}
	EndGlobalSection
EndGlobal
